
Microsoft Visual Studio Solution File, Format Version 12.00
# Visual Studio Version 17
VisualStudioVersion = 17.4.33213.308
MinimumVisualStudioVersion = 10.0.40219.1
Project("{FAE04EC0-301F-11D3-BF4B-00C04F79EFBC}") = "StockRoom", "StockRoom\StockRoom.csproj", "{D37E2E18-267F-451F-B5D5-87DE6681009E}"
EndProject
Global
	GlobalSection(SolutionConfigurationPlatforms) = preSolution
		Debug|Any CPU = Debug|Any CPU
		Release|Any CPU = Release|Any CPU
	EndGlobalSection
	GlobalSection(ProjectConfigurationPlatforms) = postSolution
		{D37E2E18-267F-451F-B5D5-87DE6681009E}.Debug|Any CPU.ActiveCfg = Debug|Any CPU
		{D37E2E18-267F-451F-B5D5-87DE6681009E}.Debug|Any CPU.Build.0 = Debug|Any CPU
		{D37E2E18-267F-451F-B5D5-87DE6681009E}.Release|Any CPU.ActiveCfg = Release|Any CPU
		{D37E2E18-267F-451F-B5D5-87DE6681009E}.Release|Any CPU.Build.0 = Release|Any CPU
	EndGlobalSection
	GlobalSection(SolutionProperties) = preSolution
		HideSolutionNode = FALSE
	EndGlobalSection
	GlobalSection(ExtensibilityGlobals) = postSolution
		SolutionGuid = {7060535E-37C4-48E5-BD57-70F3D100D84C}
	EndGlobalSection
EndGlobal
